// !$*UTF8*$!
{
	archiveVersion = 1;
	classes = {
	};
	objectVersion = 56;
	objects = {

/* Begin PBXBuildFile section */
		4919647329DAD65800AB4822 /* AppDelegate.swift in Sources */ = {isa = PBXBuildFile; fileRef = 4919647229DAD65800AB4822 /* AppDelegate.swift */; };
		4919647529DAD65800AB4822 /* SceneDelegate.swift in Sources */ = {isa = PBXBuildFile; fileRef = 4919647429DAD65800AB4822 /* SceneDelegate.swift */; };
		4919647729DAD65800AB4822 /* MainScreenVC.swift in Sources */ = {isa = PBXBuildFile; fileRef = 4919647629DAD65800AB4822 /* MainScreenVC.swift */; };
		4919647A29DAD65800AB4822 /* Main.storyboard in Resources */ = {isa = PBXBuildFile; fileRef = 4919647829DAD65800AB4822 /* Main.storyboard */; };
		4919647C29DAD65900AB4822 /* Assets.xcassets in Resources */ = {isa = PBXBuildFile; fileRef = 4919647B29DAD65900AB4822 /* Assets.xcassets */; };
		4919647F29DAD65900AB4822 /* LaunchScreen.storyboard in Resources */ = {isa = PBXBuildFile; fileRef = 4919647D29DAD65900AB4822 /* LaunchScreen.storyboard */; };
		4919648829DAD8F200AB4822 /* API.swift in Sources */ = {isa = PBXBuildFile; fileRef = 4919648729DAD8F200AB4822 /* API.swift */; };
		4919648A29DADC5F00AB4822 /* NetworkManager.swift in Sources */ = {isa = PBXBuildFile; fileRef = 4919648929DADC5F00AB4822 /* NetworkManager.swift */; };
		4919648F29DAF69C00AB4822 /* MainScreenViewModel.swift in Sources */ = {isa = PBXBuildFile; fileRef = 4919648E29DAF69C00AB4822 /* MainScreenViewModel.swift */; };
		4919649429DB063B00AB4822 /* StarshipCell.swift in Sources */ = {isa = PBXBuildFile; fileRef = 4919649329DB063B00AB4822 /* StarshipCell.swift */; };
		4919649829DB0B6200AB4822 /* DetailScreenViewModel.swift in Sources */ = {isa = PBXBuildFile; fileRef = 4919649729DB0B6200AB4822 /* DetailScreenViewModel.swift */; };
		4919649A29DB0CDB00AB4822 /* DetailScreenVC.swift in Sources */ = {isa = PBXBuildFile; fileRef = 4919649929DB0CDB00AB4822 /* DetailScreenVC.swift */; };
		4919649C29DB2A2800AB4822 /* Starship.swift in Sources */ = {isa = PBXBuildFile; fileRef = 4919649B29DB2A2800AB4822 /* Starship.swift */; };
		D4BB9DF4C62219F02B1574CD /* Pods_Kompanion.framework in Frameworks */ = {isa = PBXBuildFile; fileRef = EFDCA4A0E5434110AF80A1C7 /* Pods_Kompanion.framework */; };
/* End PBXBuildFile section */

/* Begin PBXFileReference section */
		1F94F3A7849CB0230FEED28B /* Pods-Kompanion.release.xcconfig */ = {isa = PBXFileReference; includeInIndex = 1; lastKnownFileType = text.xcconfig; name = "Pods-Kompanion.release.xcconfig"; path = "Target Support Files/Pods-Kompanion/Pods-Kompanion.release.xcconfig"; sourceTree = "<group>"; };
		4919646F29DAD65800AB4822 /* Kompanion.app */ = {isa = PBXFileReference; explicitFileType = wrapper.application; includeInIndex = 0; path = Kompanion.app; sourceTree = BUILT_PRODUCTS_DIR; };
		4919647229DAD65800AB4822 /* AppDelegate.swift */ = {isa = PBXFileReference; lastKnownFileType = sourcecode.swift; path = AppDelegate.swift; sourceTree = "<group>"; };
		4919647429DAD65800AB4822 /* SceneDelegate.swift */ = {isa = PBXFileReference; lastKnownFileType = sourcecode.swift; path = SceneDelegate.swift; sourceTree = "<group>"; };
		4919647629DAD65800AB4822 /* MainScreenVC.swift */ = {isa = PBXFileReference; lastKnownFileType = sourcecode.swift; path = MainScreenVC.swift; sourceTree = "<group>"; };
		4919647929DAD65800AB4822 /* Base */ = {isa = PBXFileReference; lastKnownFileType = file.storyboard; name = Base; path = Base.lproj/Main.storyboard; sourceTree = "<group>"; };
		4919647B29DAD65900AB4822 /* Assets.xcassets */ = {isa = PBXFileReference; lastKnownFileType = folder.assetcatalog; path = Assets.xcassets; sourceTree = "<group>"; };
		4919647E29DAD65900AB4822 /* Base */ = {isa = PBXFileReference; lastKnownFileType = file.storyboard; name = Base; path = Base.lproj/LaunchScreen.storyboard; sourceTree = "<group>"; };
		4919648029DAD65900AB4822 /* Info.plist */ = {isa = PBXFileReference; lastKnownFileType = text.plist.xml; path = Info.plist; sourceTree = "<group>"; };
		4919648729DAD8F200AB4822 /* API.swift */ = {isa = PBXFileReference; lastKnownFileType = sourcecode.swift; path = API.swift; sourceTree = "<group>"; };
		4919648929DADC5F00AB4822 /* NetworkManager.swift */ = {isa = PBXFileReference; lastKnownFileType = sourcecode.swift; path = NetworkManager.swift; sourceTree = "<group>"; };
		4919648E29DAF69C00AB4822 /* MainScreenViewModel.swift */ = {isa = PBXFileReference; lastKnownFileType = sourcecode.swift; path = MainScreenViewModel.swift; sourceTree = "<group>"; };
		4919649329DB063B00AB4822 /* StarshipCell.swift */ = {isa = PBXFileReference; lastKnownFileType = sourcecode.swift; path = StarshipCell.swift; sourceTree = "<group>"; };
		4919649729DB0B6200AB4822 /* DetailScreenViewModel.swift */ = {isa = PBXFileReference; lastKnownFileType = sourcecode.swift; path = DetailScreenViewModel.swift; sourceTree = "<group>"; };
		4919649929DB0CDB00AB4822 /* DetailScreenVC.swift */ = {isa = PBXFileReference; lastKnownFileType = sourcecode.swift; path = DetailScreenVC.swift; sourceTree = "<group>"; };
		4919649B29DB2A2800AB4822 /* Starship.swift */ = {isa = PBXFileReference; lastKnownFileType = sourcecode.swift; path = Starship.swift; sourceTree = "<group>"; };
		8B4C933411A49C09E2DF6384 /* Pods-Kompanion.debug.xcconfig */ = {isa = PBXFileReference; includeInIndex = 1; lastKnownFileType = text.xcconfig; name = "Pods-Kompanion.debug.xcconfig"; path = "Target Support Files/Pods-Kompanion/Pods-Kompanion.debug.xcconfig"; sourceTree = "<group>"; };
		EFDCA4A0E5434110AF80A1C7 /* Pods_Kompanion.framework */ = {isa = PBXFileReference; explicitFileType = wrapper.framework; includeInIndex = 0; path = Pods_Kompanion.framework; sourceTree = BUILT_PRODUCTS_DIR; };
/* End PBXFileReference section */

/* Begin PBXFrameworksBuildPhase section */
		4919646C29DAD65800AB4822 /* Frameworks */ = {
			isa = PBXFrameworksBuildPhase;
			buildActionMask = 2147483647;
			files = (
				D4BB9DF4C62219F02B1574CD /* Pods_Kompanion.framework in Frameworks */,
			);
			runOnlyForDeploymentPostprocessing = 0;
		};
/* End PBXFrameworksBuildPhase section */

/* Begin PBXGroup section */
		4919646629DAD65800AB4822 = {
			isa = PBXGroup;
			children = (
				4919647129DAD65800AB4822 /* Kompanion */,
				4919647029DAD65800AB4822 /* Products */,
				57B208D733BCB4E068EC671D /* Pods */,
				B8F83283D41BA733A83B3A8B /* Frameworks */,
			);
			sourceTree = "<group>";
		};
		4919647029DAD65800AB4822 /* Products */ = {
			isa = PBXGroup;
			children = (
				4919646F29DAD65800AB4822 /* Kompanion.app */,
			);
			name = Products;
			sourceTree = "<group>";
		};
		4919647129DAD65800AB4822 /* Kompanion */ = {
			isa = PBXGroup;
			children = (
				4919649D29DB3C2F00AB4822 /* Views */,
				4919649F29DB3C5700AB4822 /* Resources */,
				4919648B29DADE6300AB4822 /* Models */,
				4919648629DAD8E700AB4822 /* Services */,
				4919649029DB036500AB4822 /* Controllers */,
				4919649E29DB3C4000AB4822 /* Storyboards */,
			);
			path = Kompanion;
			sourceTree = "<group>";
		};
		4919648629DAD8E700AB4822 /* Services */ = {
			isa = PBXGroup;
			children = (
				4919648729DAD8F200AB4822 /* API.swift */,
				4919648929DADC5F00AB4822 /* NetworkManager.swift */,
			);
			path = Services;
			sourceTree = "<group>";
		};
		4919648B29DADE6300AB4822 /* Models */ = {
			isa = PBXGroup;
			children = (
				4919649B29DB2A2800AB4822 /* Starship.swift */,
			);
			path = Models;
			sourceTree = "<group>";
		};
		4919649029DB036500AB4822 /* Controllers */ = {
			isa = PBXGroup;
			children = (
				4919649129DB037000AB4822 /* MainScreen */,
				4919649229DB037700AB4822 /* DetailScreen */,
			);
			path = Controllers;
			sourceTree = "<group>";
		};
		4919649129DB037000AB4822 /* MainScreen */ = {
			isa = PBXGroup;
			children = (
				4919647629DAD65800AB4822 /* MainScreenVC.swift */,
				4919648E29DAF69C00AB4822 /* MainScreenViewModel.swift */,
			);
			path = MainScreen;
			sourceTree = "<group>";
		};
		4919649229DB037700AB4822 /* DetailScreen */ = {
			isa = PBXGroup;
			children = (
				4919649729DB0B6200AB4822 /* DetailScreenViewModel.swift */,
				4919649929DB0CDB00AB4822 /* DetailScreenVC.swift */,
			);
			path = DetailScreen;
			sourceTree = "<group>";
		};
		4919649D29DB3C2F00AB4822 /* Views */ = {
			isa = PBXGroup;
			children = (
				4919649329DB063B00AB4822 /* StarshipCell.swift */,
			);
			path = Views;
			sourceTree = "<group>";
		};
		4919649E29DB3C4000AB4822 /* Storyboards */ = {
			isa = PBXGroup;
			children = (
				4919647829DAD65800AB4822 /* Main.storyboard */,
				4919647D29DAD65900AB4822 /* LaunchScreen.storyboard */,
			);
			path = Storyboards;
			sourceTree = "<group>";
		};
		4919649F29DB3C5700AB4822 /* Resources */ = {
			isa = PBXGroup;
			children = (
				4919647229DAD65800AB4822 /* AppDelegate.swift */,
				4919647429DAD65800AB4822 /* SceneDelegate.swift */,
				4919647B29DAD65900AB4822 /* Assets.xcassets */,
				4919648029DAD65900AB4822 /* Info.plist */,
			);
			path = Resources;
			sourceTree = "<group>";
		};
		57B208D733BCB4E068EC671D /* Pods */ = {
			isa = PBXGroup;
			children = (
				8B4C933411A49C09E2DF6384 /* Pods-Kompanion.debug.xcconfig */,
				1F94F3A7849CB0230FEED28B /* Pods-Kompanion.release.xcconfig */,
			);
			path = Pods;
			sourceTree = "<group>";
		};
		B8F83283D41BA733A83B3A8B /* Frameworks */ = {
			isa = PBXGroup;
			children = (
				EFDCA4A0E5434110AF80A1C7 /* Pods_Kompanion.framework */,
			);
			name = Frameworks;
			sourceTree = "<group>";
		};
/* End PBXGroup section */

/* Begin PBXNativeTarget section */
		4919646E29DAD65800AB4822 /* Kompanion */ = {
			isa = PBXNativeTarget;
			buildConfigurationList = 4919648329DAD65900AB4822 /* Build configuration list for PBXNativeTarget "Kompanion" */;
			buildPhases = (
				10493063908AE5A5712D9091 /* [CP] Check Pods Manifest.lock */,
				4919646B29DAD65800AB4822 /* Sources */,
				4919646C29DAD65800AB4822 /* Frameworks */,
				4919646D29DAD65800AB4822 /* Resources */,
				9478DB21BDA923C55C27AD7E /* [CP] Embed Pods Frameworks */,
			);
			buildRules = (
			);
			dependencies = (
			);
			name = Kompanion;
			productName = Kompanion;
			productReference = 4919646F29DAD65800AB4822 /* Kompanion.app */;
			productType = "com.apple.product-type.application";
		};
/* End PBXNativeTarget section */

/* Begin PBXProject section */
		4919646729DAD65800AB4822 /* Project object */ = {
			isa = PBXProject;
			attributes = {
				BuildIndependentTargetsInParallel = 1;
				LastSwiftUpdateCheck = 1420;
				LastUpgradeCheck = 1420;
				TargetAttributes = {
					4919646E29DAD65800AB4822 = {
						CreatedOnToolsVersion = 14.2;
					};
				};
			};
			buildConfigurationList = 4919646A29DAD65800AB4822 /* Build configuration list for PBXProject "Kompanion" */;
			compatibilityVersion = "Xcode 14.0";
			developmentRegion = en;
			hasScannedForEncodings = 0;
			knownRegions = (
				en,
				Base,
			);
			mainGroup = 4919646629DAD65800AB4822;
			productRefGroup = 4919647029DAD65800AB4822 /* Products */;
			projectDirPath = "";
			projectRoot = "";
			targets = (
				4919646E29DAD65800AB4822 /* Kompanion */,
			);
		};
/* End PBXProject section */

/* Begin PBXResourcesBuildPhase section */
		4919646D29DAD65800AB4822 /* Resources */ = {
			isa = PBXResourcesBuildPhase;
			buildActionMask = 2147483647;
			files = (
				4919647F29DAD65900AB4822 /* LaunchScreen.storyboard in Resources */,
				4919647C29DAD65900AB4822 /* Assets.xcassets in Resources */,
				4919647A29DAD65800AB4822 /* Main.storyboard in Resources */,
			);
			runOnlyForDeploymentPostprocessing = 0;
		};
/* End PBXResourcesBuildPhase section */

/* Begin PBXShellScriptBuildPhase section */
		10493063908AE5A5712D9091 /* [CP] Check Pods Manifest.lock */ = {
			isa = PBXShellScriptBuildPhase;
			buildActionMask = 2147483647;
			files = (
			);
			inputFileListPaths = (
			);
			inputPaths = (
				"${PODS_PODFILE_DIR_PATH}/Podfile.lock",
				"${PODS_ROOT}/Manifest.lock",
			);
			name = "[CP] Check Pods Manifest.lock";
			outputFileListPaths = (
			);
			outputPaths = (
				"$(DERIVED_FILE_DIR)/Pods-Kompanion-checkManifestLockResult.txt",
			);
			runOnlyForDeploymentPostprocessing = 0;
			shellPath = /bin/sh;
			shellScript = "diff \"${PODS_PODFILE_DIR_PATH}/Podfile.lock\" \"${PODS_ROOT}/Manifest.lock\" > /dev/null\nif [ $? != 0 ] ; then\n    # print error to STDERR\n    echo \"error: The sandbox is not in sync with the Podfile.lock. Run 'pod install' or update your CocoaPods installation.\" >&2\n    exit 1\nfi\n# This output is used by Xcode 'outputs' to avoid re-running this script phase.\necho \"SUCCESS\" > \"${SCRIPT_OUTPUT_FILE_0}\"\n";
			showEnvVarsInLog = 0;
		};
		9478DB21BDA923C55C27AD7E /* [CP] Embed Pods Frameworks */ = {
			isa = PBXShellScriptBuildPhase;
			buildActionMask = 2147483647;
			files = (
			);
			inputFileListPaths = (
				"${PODS_ROOT}/Target Support Files/Pods-Kompanion/Pods-Kompanion-frameworks-${CONFIGURATION}-input-files.xcfilelist",
			);
			name = "[CP] Embed Pods Frameworks";
			outputFileListPaths = (
				"${PODS_ROOT}/Target Support Files/Pods-Kompanion/Pods-Kompanion-frameworks-${CONFIGURATION}-output-files.xcfilelist",
			);
			runOnlyForDeploymentPostprocessing = 0;
			shellPath = /bin/sh;
			shellScript = "\"${PODS_ROOT}/Target Support Files/Pods-Kompanion/Pods-Kompanion-frameworks.sh\"\n";
			showEnvVarsInLog = 0;
		};
/* End PBXShellScriptBuildPhase section */

/* Begin PBXSourcesBuildPhase section */
		4919646B29DAD65800AB4822 /* Sources */ = {
			isa = PBXSourcesBuildPhase;
			buildActionMask = 2147483647;
			files = (
				4919647729DAD65800AB4822 /* MainScreenVC.swift in Sources */,
				4919649C29DB2A2800AB4822 /* Starship.swift in Sources */,
				4919649A29DB0CDB00AB4822 /* DetailScreenVC.swift in Sources */,
				4919648F29DAF69C00AB4822 /* MainScreenViewModel.swift in Sources */,
				4919647329DAD65800AB4822 /* AppDelegate.swift in Sources */,
				4919649429DB063B00AB4822 /* StarshipCell.swift in Sources */,
				4919648A29DADC5F00AB4822 /* NetworkManager.swift in Sources */,
				4919648829DAD8F200AB4822 /* API.swift in Sources */,
				4919647529DAD65800AB4822 /* SceneDelegate.swift in Sources */,
				4919649829DB0B6200AB4822 /* DetailScreenViewModel.swift in Sources */,
			);
			runOnlyForDeploymentPostprocessing = 0;
		};
/* End PBXSourcesBuildPhase section */

/* Begin PBXVariantGroup section */
		4919647829DAD65800AB4822 /* Main.storyboard */ = {
			isa = PBXVariantGroup;
			children = (
				4919647929DAD65800AB4822 /* Base */,
			);
			name = Main.storyboard;
			sourceTree = "<group>";
		};
		4919647D29DAD65900AB4822 /* LaunchScreen.storyboard */ = {
			isa = PBXVariantGroup;
			children = (
				4919647E29DAD65900AB4822 /* Base */,
			);
			name = LaunchScreen.storyboard;
			sourceTree = "<group>";
		};
/* End PBXVariantGroup section */

/* Begin XCBuildConfiguration section */
		4919648129DAD65900AB4822 /* Debug */ = {
			isa = XCBuildConfiguration;
			buildSettings = {
				ALWAYS_SEARCH_USER_PATHS = NO;
				CLANG_ANALYZER_NONNULL = YES;
				CLANG_ANALYZER_NUMBER_OBJECT_CONVERSION = YES_AGGRESSIVE;
				CLANG_CXX_LANGUAGE_STANDARD = "gnu++20";
				CLANG_ENABLE_MODULES = YES;
				CLANG_ENABLE_OBJC_ARC = YES;
				CLANG_ENABLE_OBJC_WEAK = YES;
				CLANG_WARN_BLOCK_CAPTURE_AUTORELEASING = YES;
				CLANG_WARN_BOOL_CONVERSION = YES;
				CLANG_WARN_COMMA = YES;
				CLANG_WARN_CONSTANT_CONVERSION = YES;
				CLANG_WARN_DEPRECATED_OBJC_IMPLEMENTATIONS = YES;
				CLANG_WARN_DIRECT_OBJC_ISA_USAGE = YES_ERROR;
				CLANG_WARN_DOCUMENTATION_COMMENTS = YES;
				CLANG_WARN_EMPTY_BODY = YES;
				CLANG_WARN_ENUM_CONVERSION = YES;
				CLANG_WARN_INFINITE_RECURSION = YES;
				CLANG_WARN_INT_CONVERSION = YES;
				CLANG_WARN_NON_LITERAL_NULL_CONVERSION = YES;
				CLANG_WARN_OBJC_IMPLICIT_RETAIN_SELF = YES;
				CLANG_WARN_OBJC_LITERAL_CONVERSION = YES;
				CLANG_WARN_OBJC_ROOT_CLASS = YES_ERROR;
				CLANG_WARN_QUOTED_INCLUDE_IN_FRAMEWORK_HEADER = YES;
				CLANG_WARN_RANGE_LOOP_ANALYSIS = YES;
				CLANG_WARN_STRICT_PROTOTYPES = YES;
				CLANG_WARN_SUSPICIOUS_MOVE = YES;
				CLANG_WARN_UNGUARDED_AVAILABILITY = YES_AGGRESSIVE;
				CLANG_WARN_UNREACHABLE_CODE = YES;
				CLANG_WARN__DUPLICATE_METHOD_MATCH = YES;
				COPY_PHASE_STRIP = NO;
				DEBUG_INFORMATION_FORMAT = dwarf;
				ENABLE_STRICT_OBJC_MSGSEND = YES;
				ENABLE_TESTABILITY = YES;
				GCC_C_LANGUAGE_STANDARD = gnu11;
				GCC_DYNAMIC_NO_PIC = NO;
				GCC_NO_COMMON_BLOCKS = YES;
				GCC_OPTIMIZATION_LEVEL = 0;
				GCC_PREPROCESSOR_DEFINITIONS = (
					"DEBUG=1",
					"$(inherited)",
				);
				GCC_WARN_64_TO_32_BIT_CONVERSION = YES;
				GCC_WARN_ABOUT_RETURN_TYPE = YES_ERROR;
				GCC_WARN_UNDECLARED_SELECTOR = YES;
				GCC_WARN_UNINITIALIZED_AUTOS = YES_AGGRESSIVE;
				GCC_WARN_UNUSED_FUNCTION = YES;
				GCC_WARN_UNUSED_VARIABLE = YES;
				IPHONEOS_DEPLOYMENT_TARGET = 16.2;
				MTL_ENABLE_DEBUG_INFO = INCLUDE_SOURCE;
				MTL_FAST_MATH = YES;
				ONLY_ACTIVE_ARCH = YES;
				SDKROOT = iphoneos;
				SWIFT_ACTIVE_COMPILATION_CONDITIONS = DEBUG;
				SWIFT_OPTIMIZATION_LEVEL = "-Onone";
			};
			name = Debug;
		};
		4919648229DAD65900AB4822 /* Release */ = {
			isa = XCBuildConfiguration;
			buildSettings = {
				ALWAYS_SEARCH_USER_PATHS = NO;
				CLANG_ANALYZER_NONNULL = YES;
				CLANG_ANALYZER_NUMBER_OBJECT_CONVERSION = YES_AGGRESSIVE;
				CLANG_CXX_LANGUAGE_STANDARD = "gnu++20";
				CLANG_ENABLE_MODULES = YES;
				CLANG_ENABLE_OBJC_ARC = YES;
				CLANG_ENABLE_OBJC_WEAK = YES;
				CLANG_WARN_BLOCK_CAPTURE_AUTORELEASING = YES;
				CLANG_WARN_BOOL_CONVERSION = YES;
				CLANG_WARN_COMMA = YES;
				CLANG_WARN_CONSTANT_CONVERSION = YES;
				CLANG_WARN_DEPRECATED_OBJC_IMPLEMENTATIONS = YES;
				CLANG_WARN_DIRECT_OBJC_ISA_USAGE = YES_ERROR;
				CLANG_WARN_DOCUMENTATION_COMMENTS = YES;
				CLANG_WARN_EMPTY_BODY = YES;
				CLANG_WARN_ENUM_CONVERSION = YES;
				CLANG_WARN_INFINITE_RECURSION = YES;
				CLANG_WARN_INT_CONVERSION = YES;
				CLANG_WARN_NON_LITERAL_NULL_CONVERSION = YES;
				CLANG_WARN_OBJC_IMPLICIT_RETAIN_SELF = YES;
				CLANG_WARN_OBJC_LITERAL_CONVERSION = YES;
				CLANG_WARN_OBJC_ROOT_CLASS = YES_ERROR;
				CLANG_WARN_QUOTED_INCLUDE_IN_FRAMEWORK_HEADER = YES;
				CLANG_WARN_RANGE_LOOP_ANALYSIS = YES;
				CLANG_WARN_STRICT_PROTOTYPES = YES;
				CLANG_WARN_SUSPICIOUS_MOVE = YES;
				CLANG_WARN_UNGUARDED_AVAILABILITY = YES_AGGRESSIVE;
				CLANG_WARN_UNREACHABLE_CODE = YES;
				CLANG_WARN__DUPLICATE_METHOD_MATCH = YES;
				COPY_PHASE_STRIP = NO;
				DEBUG_INFORMATION_FORMAT = "dwarf-with-dsym";
				ENABLE_NS_ASSERTIONS = NO;
				ENABLE_STRICT_OBJC_MSGSEND = YES;
				GCC_C_LANGUAGE_STANDARD = gnu11;
				GCC_NO_COMMON_BLOCKS = YES;
				GCC_WARN_64_TO_32_BIT_CONVERSION = YES;
				GCC_WARN_ABOUT_RETURN_TYPE = YES_ERROR;
				GCC_WARN_UNDECLARED_SELECTOR = YES;
				GCC_WARN_UNINITIALIZED_AUTOS = YES_AGGRESSIVE;
				GCC_WARN_UNUSED_FUNCTION = YES;
				GCC_WARN_UNUSED_VARIABLE = YES;
				IPHONEOS_DEPLOYMENT_TARGET = 16.2;
				MTL_ENABLE_DEBUG_INFO = NO;
				MTL_FAST_MATH = YES;
				SDKROOT = iphoneos;
				SWIFT_COMPILATION_MODE = wholemodule;
				SWIFT_OPTIMIZATION_LEVEL = "-O";
				VALIDATE_PRODUCT = YES;
			};
			name = Release;
		};
		4919648429DAD65900AB4822 /* Debug */ = {
			isa = XCBuildConfiguration;
			baseConfigurationReference = 8B4C933411A49C09E2DF6384 /* Pods-Kompanion.debug.xcconfig */;
			buildSettings = {
				ASSETCATALOG_COMPILER_APPICON_NAME = AppIcon;
				ASSETCATALOG_COMPILER_GLOBAL_ACCENT_COLOR_NAME = AccentColor;
				CODE_SIGN_STYLE = Automatic;
				CURRENT_PROJECT_VERSION = 1;
				DEVELOPMENT_TEAM = T8V4E75DU8;
				GENERATE_INFOPLIST_FILE = YES;
				INFOPLIST_FILE = Kompanion/Resources/Info.plist;
				INFOPLIST_KEY_UIApplicationSupportsIndirectInputEvents = YES;
				INFOPLIST_KEY_UILaunchStoryboardName = LaunchScreen;
				INFOPLIST_KEY_UIMainStoryboardFile = Main;
				INFOPLIST_KEY_UISupportedInterfaceOrientations_iPad = "UIInterfaceOrientationPortrait UIInterfaceOrientationPortraitUpsideDown UIInterfaceOrientationLandscapeLeft UIInterfaceOrientationLandscapeRight";
				INFOPLIST_KEY_UISupportedInterfaceOrientations_iPhone = "UIInterfaceOrientationPortrait UIInterfaceOrientationLandscapeLeft UIInterfaceOrientationLandscapeRight";
				LD_RUNPATH_SEARCH_PATHS = (
					"$(inherited)",
					"@executable_path/Frameworks",
				);
				MARKETING_VERSION = 1.0;
				PRODUCT_BUNDLE_IDENTIFIER = com.shafigin.emil.Kompanion;
				PRODUCT_NAME = "$(TARGET_NAME)";
				SWIFT_EMIT_LOC_STRINGS = YES;
				SWIFT_VERSION = 5.0;
				TARGETED_DEVICE_FAMILY = "1,2";
			};
			name = Debug;
		};
		4919648529DAD65900AB4822 /* Release */ = {
			isa = XCBuildConfiguration;
			baseConfigurationReference = 1F94F3A7849CB0230FEED28B /* Pods-Kompanion.release.xcconfig */;
			buildSettings = {
				ASSETCATALOG_COMPILER_APPICON_NAME = AppIcon;
				ASSETCATALOG_COMPILER_GLOBAL_ACCENT_COLOR_NAME = AccentColor;
				CODE_SIGN_STYLE = Automatic;
				CURRENT_PROJECT_VERSION = 1;
				DEVELOPMENT_TEAM = T8V4E75DU8;
				GENERATE_INFOPLIST_FILE = YES;
				INFOPLIST_FILE = Kompanion/Resources/Info.plist;
				INFOPLIST_KEY_UIApplicationSupportsIndirectInputEvents = YES;
				INFOPLIST_KEY_UILaunchStoryboardName = LaunchScreen;
				INFOPLIST_KEY_UIMainStoryboardFile = Main;
				INFOPLIST_KEY_UISupportedInterfaceOrientations_iPad = "UIInterfaceOrientationPortrait UIInterfaceOrientationPortraitUpsideDown UIInterfaceOrientationLandscapeLeft UIInterfaceOrientationLandscapeRight";
				INFOPLIST_KEY_UISupportedInterfaceOrientations_iPhone = "UIInterfaceOrientationPortrait UIInterfaceOrientationLandscapeLeft UIInterfaceOrientationLandscapeRight";
				LD_RUNPATH_SEARCH_PATHS = (
					"$(inherited)",
					"@executable_path/Frameworks",
				);
				MARKETING_VERSION = 1.0;
				PRODUCT_BUNDLE_IDENTIFIER = com.shafigin.emil.Kompanion;
				PRODUCT_NAME = "$(TARGET_NAME)";
				SWIFT_EMIT_LOC_STRINGS = YES;
				SWIFT_VERSION = 5.0;
				TARGETED_DEVICE_FAMILY = "1,2";
			};
			name = Release;
		};
/* End XCBuildConfiguration section */

/* Begin XCConfigurationList section */
		4919646A29DAD65800AB4822 /* Build configuration list for PBXProject "Kompanion" */ = {
			isa = XCConfigurationList;
			buildConfigurations = (
				4919648129DAD65900AB4822 /* Debug */,
				4919648229DAD65900AB4822 /* Release */,
			);
			defaultConfigurationIsVisible = 0;
			defaultConfigurationName = Release;
		};
		4919648329DAD65900AB4822 /* Build configuration list for PBXNativeTarget "Kompanion" */ = {
			isa = XCConfigurationList;
			buildConfigurations = (
				4919648429DAD65900AB4822 /* Debug */,
				4919648529DAD65900AB4822 /* Release */,
			);
			defaultConfigurationIsVisible = 0;
			defaultConfigurationName = Release;
		};
/* End XCConfigurationList section */
	};
	rootObject = 4919646729DAD65800AB4822 /* Project object */;
}
